
Microsoft Visual Studio Solution File, Format Version 12.00
# Visual Studio Version 17
VisualStudioVersion = 17.3.32922.545
MinimumVisualStudioVersion = 10.0.40219.1
Project("{9A19103F-16F7-4668-BE54-9A1E7A4F7556}") = "Epam_TestAutomation_Core", "Test_Automation_Framework\Epam_TestAutomation_Core.csproj", "{F07852AB-A284-4339-AC5E-B1234DAAF1B1}"
EndProject
Project("{9A19103F-16F7-4668-BE54-9A1E7A4F7556}") = "Epam_TestAutomation_Utilities", "Test_Automation_Utilities\Epam_TestAutomation_Utilities.csproj", "{C211AEB6-4D6F-4FE1-A8BC-4ACB46EC9343}"
EndProject
Project("{9A19103F-16F7-4668-BE54-9A1E7A4F7556}") = "Epam_TestAutomation_Tests", "EPAM_TestAutomation_Tests\Epam_TestAutomation_Tests.csproj", "{2B0E2033-B269-4B7A-A783-7B961946E101}"
EndProject
Project("{9A19103F-16F7-4668-BE54-9A1E7A4F7556}") = "Epam_TestAutomation_BusinessLogic", "Epam_TestAutomation_BusinessLogic\Epam_TestAutomation_BusinessLogic.csproj", "{5280A5D1-9988-425A-9F65-FE41D816C652}"
EndProject
Project("{2150E333-8FDC-42A3-9474-1A3956D46DE8}") = "Solution Items", "Solution Items", "{6E191138-1089-481F-BAE3-53FD657ED7C5}"
	ProjectSection(SolutionItems) = preProject
		Epam.runsettings = Epam.runsettings
	EndProjectSection
EndProject
Project("{9A19103F-16F7-4668-BE54-9A1E7A4F7556}") = "Epam_TestAutomation_TestData", "Epam_TestAutomation_TestData\Epam_TestAutomation_TestData.csproj", "{6A6DF284-FD90-4662-9C3D-71A5D1B579C7}"
EndProject
Project("{9A19103F-16F7-4668-BE54-9A1E7A4F7556}") = "Epam_TestAutomation_BDD", "Epam_TestAutomation_BDD\Epam_TestAutomation_BDD.csproj", "{FAA4F960-AD76-4DFD-A92D-82CD25761BC7}"
EndProject
Project("{FAE04EC0-301F-11D3-BF4B-00C04F79EFBC}") = "Epam_TestAutomation_API", "Epam_TestAutomation_API\Epam_TestAutomation_API.csproj", "{795050BD-D523-42BB-A196-E0407773A13D}"
EndProject
Project("{FAE04EC0-301F-11D3-BF4B-00C04F79EFBC}") = "Epam_TestAutomation_API_Tests", "Epam_TestAutomation_API_Tests\Epam_TestAutomation_API_Tests.csproj", "{C091D81B-3E42-4083-B142-E1C0A4ADF96D}"
EndProject
Global
	GlobalSection(SolutionConfigurationPlatforms) = preSolution
		Debug|Any CPU = Debug|Any CPU
		Release|Any CPU = Release|Any CPU
	EndGlobalSection
	GlobalSection(ProjectConfigurationPlatforms) = postSolution
		{F07852AB-A284-4339-AC5E-B1234DAAF1B1}.Debug|Any CPU.ActiveCfg = Debug|Any CPU
		{F07852AB-A284-4339-AC5E-B1234DAAF1B1}.Debug|Any CPU.Build.0 = Debug|Any CPU
		{F07852AB-A284-4339-AC5E-B1234DAAF1B1}.Release|Any CPU.ActiveCfg = Release|Any CPU
		{F07852AB-A284-4339-AC5E-B1234DAAF1B1}.Release|Any CPU.Build.0 = Release|Any CPU
		{C211AEB6-4D6F-4FE1-A8BC-4ACB46EC9343}.Debug|Any CPU.ActiveCfg = Debug|Any CPU
		{C211AEB6-4D6F-4FE1-A8BC-4ACB46EC9343}.Debug|Any CPU.Build.0 = Debug|Any CPU
		{C211AEB6-4D6F-4FE1-A8BC-4ACB46EC9343}.Release|Any CPU.ActiveCfg = Release|Any CPU
		{C211AEB6-4D6F-4FE1-A8BC-4ACB46EC9343}.Release|Any CPU.Build.0 = Release|Any CPU
		{2B0E2033-B269-4B7A-A783-7B961946E101}.Debug|Any CPU.ActiveCfg = Debug|Any CPU
		{2B0E2033-B269-4B7A-A783-7B961946E101}.Debug|Any CPU.Build.0 = Debug|Any CPU
		{2B0E2033-B269-4B7A-A783-7B961946E101}.Release|Any CPU.ActiveCfg = Release|Any CPU
		{2B0E2033-B269-4B7A-A783-7B961946E101}.Release|Any CPU.Build.0 = Release|Any CPU
		{5280A5D1-9988-425A-9F65-FE41D816C652}.Debug|Any CPU.ActiveCfg = Debug|Any CPU
		{5280A5D1-9988-425A-9F65-FE41D816C652}.Debug|Any CPU.Build.0 = Debug|Any CPU
		{5280A5D1-9988-425A-9F65-FE41D816C652}.Release|Any CPU.ActiveCfg = Release|Any CPU
		{5280A5D1-9988-425A-9F65-FE41D816C652}.Release|Any CPU.Build.0 = Release|Any CPU
		{6A6DF284-FD90-4662-9C3D-71A5D1B579C7}.Debug|Any CPU.ActiveCfg = Debug|Any CPU
		{6A6DF284-FD90-4662-9C3D-71A5D1B579C7}.Debug|Any CPU.Build.0 = Debug|Any CPU
		{6A6DF284-FD90-4662-9C3D-71A5D1B579C7}.Release|Any CPU.ActiveCfg = Release|Any CPU
		{6A6DF284-FD90-4662-9C3D-71A5D1B579C7}.Release|Any CPU.Build.0 = Release|Any CPU
		{FAA4F960-AD76-4DFD-A92D-82CD25761BC7}.Debug|Any CPU.ActiveCfg = Debug|Any CPU
		{FAA4F960-AD76-4DFD-A92D-82CD25761BC7}.Debug|Any CPU.Build.0 = Debug|Any CPU
		{FAA4F960-AD76-4DFD-A92D-82CD25761BC7}.Release|Any CPU.ActiveCfg = Release|Any CPU
		{FAA4F960-AD76-4DFD-A92D-82CD25761BC7}.Release|Any CPU.Build.0 = Release|Any CPU
		{795050BD-D523-42BB-A196-E0407773A13D}.Debug|Any CPU.ActiveCfg = Debug|Any CPU
		{795050BD-D523-42BB-A196-E0407773A13D}.Debug|Any CPU.Build.0 = Debug|Any CPU
		{795050BD-D523-42BB-A196-E0407773A13D}.Release|Any CPU.ActiveCfg = Release|Any CPU
		{795050BD-D523-42BB-A196-E0407773A13D}.Release|Any CPU.Build.0 = Release|Any CPU
		{C091D81B-3E42-4083-B142-E1C0A4ADF96D}.Debug|Any CPU.ActiveCfg = Debug|Any CPU
		{C091D81B-3E42-4083-B142-E1C0A4ADF96D}.Debug|Any CPU.Build.0 = Debug|Any CPU
		{C091D81B-3E42-4083-B142-E1C0A4ADF96D}.Release|Any CPU.ActiveCfg = Release|Any CPU
		{C091D81B-3E42-4083-B142-E1C0A4ADF96D}.Release|Any CPU.Build.0 = Release|Any CPU
	EndGlobalSection
	GlobalSection(SolutionProperties) = preSolution
		HideSolutionNode = FALSE
	EndGlobalSection
	GlobalSection(ExtensibilityGlobals) = postSolution
		SolutionGuid = {17B19EDD-822A-4A8F-8C61-1BE8FD21FD3B}
	EndGlobalSection
EndGlobal
